
Microsoft Visual Studio Solution File, Format Version 12.00
# Visual Studio Version 16
VisualStudioVersion = 16.0.31112.23
MinimumVisualStudioVersion = 10.0.40219.1
Project("{FAE04EC0-301F-11D3-BF4B-00C04F79EFBC}") = "Assignment-Student-2", "Assignment-Student-2\Assignment-Student-2.csproj", "{7E59D103-89FF-43D6-B461-ECD3EA29B4F8}"
EndProject
Global
	GlobalSection(SolutionConfigurationPlatforms) = preSolution
		Debug|Any CPU = Debug|Any CPU
		Release|Any CPU = Release|Any CPU
	EndGlobalSection
	GlobalSection(ProjectConfigurationPlatforms) = postSolution
		{7E59D103-89FF-43D6-B461-ECD3EA29B4F8}.Debug|Any CPU.ActiveCfg = Debug|Any CPU
		{7E59D103-89FF-43D6-B461-ECD3EA29B4F8}.Debug|Any CPU.Build.0 = Debug|Any CPU
		{7E59D103-89FF-43D6-B461-ECD3EA29B4F8}.Release|Any CPU.ActiveCfg = Release|Any CPU
		{7E59D103-89FF-43D6-B461-ECD3EA29B4F8}.Release|Any CPU.Build.0 = Release|Any CPU
	EndGlobalSection
	GlobalSection(SolutionProperties) = preSolution
		HideSolutionNode = FALSE
	EndGlobalSection
	GlobalSection(ExtensibilityGlobals) = postSolution
		SolutionGuid = {C68B1B2F-520F-4960-A1B6-3D23E0B3ED58}
	EndGlobalSection
EndGlobal
